
Microsoft Visual Studio Solution File, Format Version 10.00
# Visual Studio 2008
Project("{F184B08F-C81C-45F6-A57F-5ABD9991F28F}") = "Spanish", "Spanish.vbproj", "{6624DD13-B7C3-4248-8795-452DF503B21C}"
EndProject
Global
	GlobalSection(SolutionConfigurationPlatforms) = preSolution
		Debug|Any CPU = Debug|Any CPU
		Release|Any CPU = Release|Any CPU
	EndGlobalSection
	GlobalSection(ProjectConfigurationPlatforms) = postSolution
		{6624DD13-B7C3-4248-8795-452DF503B21C}.Debug|Any CPU.ActiveCfg = Debug|Any CPU
		{6624DD13-B7C3-4248-8795-452DF503B21C}.Debug|Any CPU.Build.0 = Debug|Any CPU
		{6624DD13-B7C3-4248-8795-452DF503B21C}.Release|Any CPU.ActiveCfg = Release|Any CPU
		{6624DD13-B7C3-4248-8795-452DF503B21C}.Release|Any CPU.Build.0 = Release|Any CPU
	EndGlobalSection
	GlobalSection(SolutionProperties) = preSolution
		HideSolutionNode = FALSE
	EndGlobalSection
EndGlobal
